
Microsoft Visual Studio Solution File, Format Version 12.00
# Visual Studio Version 17
VisualStudioVersion = 17.0.31912.275
MinimumVisualStudioVersion = 10.0.40219.1
Project("{FAE04EC0-301F-11D3-BF4B-00C04F79EFBC}") = "7_task_2_", "7_task_2_.csproj", "{74FCD10E-28CF-4E5F-A768-24611A102049}"
EndProject
Global
	GlobalSection(SolutionConfigurationPlatforms) = preSolution
		Debug|Any CPU = Debug|Any CPU
		Release|Any CPU = Release|Any CPU
	EndGlobalSection
	GlobalSection(ProjectConfigurationPlatforms) = postSolution
		{74FCD10E-28CF-4E5F-A768-24611A102049}.Debug|Any CPU.ActiveCfg = Debug|Any CPU
		{74FCD10E-28CF-4E5F-A768-24611A102049}.Debug|Any CPU.Build.0 = Debug|Any CPU
		{74FCD10E-28CF-4E5F-A768-24611A102049}.Release|Any CPU.ActiveCfg = Release|Any CPU
		{74FCD10E-28CF-4E5F-A768-24611A102049}.Release|Any CPU.Build.0 = Release|Any CPU
	EndGlobalSection
	GlobalSection(SolutionProperties) = preSolution
		HideSolutionNode = FALSE
	EndGlobalSection
	GlobalSection(ExtensibilityGlobals) = postSolution
		SolutionGuid = {511C488C-459A-448A-8587-C2DC19456E8B}
	EndGlobalSection
EndGlobal
